// !$*UTF8*$!
{
	archiveVersion = 1;
	classes = {
	};
	objectVersion = 46;
	objects = {

/* Begin PBXBuildFile section */
		18195CA01AC100150006E37A /* main.m in Sources */ = {isa = PBXBuildFile; fileRef = 18195C9F1AC100150006E37A /* main.m */; };
		18195CA31AC100150006E37A /* AppDelegate.m in Sources */ = {isa = PBXBuildFile; fileRef = 18195CA21AC100150006E37A /* AppDelegate.m */; };
		18195CAC1AC100150006E37A /* Main.storyboard in Resources */ = {isa = PBXBuildFile; fileRef = 18195CAA1AC100150006E37A /* Main.storyboard */; };
		18195CAE1AC100150006E37A /* Images.xcassets in Resources */ = {isa = PBXBuildFile; fileRef = 18195CAD1AC100150006E37A /* Images.xcassets */; };
		18195CB11AC100150006E37A /* LaunchScreen.xib in Resources */ = {isa = PBXBuildFile; fileRef = 18195CAF1AC100150006E37A /* LaunchScreen.xib */; };
		18195CBD1AC100150006E37A /* LDCollectionViewFlowLayoutTests.m in Sources */ = {isa = PBXBuildFile; fileRef = 18195CBC1AC100150006E37A /* LDCollectionViewFlowLayoutTests.m */; };
		18195D3A1AC107460006E37A /* LDCollectionViewFlowLayout.m in Sources */ = {isa = PBXBuildFile; fileRef = 18195D391AC107460006E37A /* LDCollectionViewFlowLayout.m */; };
		18195D3D1AC1096A0006E37A /* LDFirstCollectionViewController.m in Sources */ = {isa = PBXBuildFile; fileRef = 18195D3C1AC1096A0006E37A /* LDFirstCollectionViewController.m */; };
		18195D401AC109760006E37A /* LDSecondCollectionViewController.m in Sources */ = {isa = PBXBuildFile; fileRef = 18195D3F1AC109760006E37A /* LDSecondCollectionViewController.m */; };
/* End PBXBuildFile section */

/* Begin PBXContainerItemProxy section */
		18195CB71AC100150006E37A /* PBXContainerItemProxy */ = {
			isa = PBXContainerItemProxy;
			containerPortal = 18195C921AC100150006E37A /* Project object */;
			proxyType = 1;
			remoteGlobalIDString = 18195C991AC100150006E37A;
			remoteInfo = LDCollectionViewFlowLayout;
		};
/* End PBXContainerItemProxy section */

/* Begin PBXFileReference section */
		18195C9A1AC100150006E37A /* LDCollectionViewFlowLayout.app */ = {isa = PBXFileReference; explicitFileType = wrapper.application; includeInIndex = 0; path = LDCollectionViewFlowLayout.app; sourceTree = BUILT_PRODUCTS_DIR; };
		18195C9E1AC100150006E37A /* Info.plist */ = {isa = PBXFileReference; lastKnownFileType = text.plist.xml; path = Info.plist; sourceTree = "<group>"; };
		18195C9F1AC100150006E37A /* main.m */ = {isa = PBXFileReference; lastKnownFileType = sourcecode.c.objc; path = main.m; sourceTree = "<group>"; };
		18195CA11AC100150006E37A /* AppDelegate.h */ = {isa = PBXFileReference; lastKnownFileType = sourcecode.c.h; path = AppDelegate.h; sourceTree = "<group>"; };
		18195CA21AC100150006E37A /* AppDelegate.m */ = {isa = PBXFileReference; lastKnownFileType = sourcecode.c.objc; path = AppDelegate.m; sourceTree = "<group>"; };
		18195CAB1AC100150006E37A /* Base */ = {isa = PBXFileReference; lastKnownFileType = file.storyboard; name = Base; path = Base.lproj/Main.storyboard; sourceTree = "<group>"; };
		18195CAD1AC100150006E37A /* Images.xcassets */ = {isa = PBXFileReference; lastKnownFileType = folder.assetcatalog; path = Images.xcassets; sourceTree = "<group>"; };
		18195CB01AC100150006E37A /* Base */ = {isa = PBXFileReference; lastKnownFileType = file.xib; name = Base; path = Base.lproj/LaunchScreen.xib; sourceTree = "<group>"; };
		18195CB61AC100150006E37A /* LDCollectionViewFlowLayoutTests.xctest */ = {isa = PBXFileReference; explicitFileType = wrapper.cfbundle; includeInIndex = 0; path = LDCollectionViewFlowLayoutTests.xctest; sourceTree = BUILT_PRODUCTS_DIR; };
		18195CBB1AC100150006E37A /* Info.plist */ = {isa = PBXFileReference; lastKnownFileType = text.plist.xml; path = Info.plist; sourceTree = "<group>"; };
		18195CBC1AC100150006E37A /* LDCollectionViewFlowLayoutTests.m */ = {isa = PBXFileReference; lastKnownFileType = sourcecode.c.objc; path = LDCollectionViewFlowLayoutTests.m; sourceTree = "<group>"; };
		18195D381AC107460006E37A /* LDCollectionViewFlowLayout.h */ = {isa = PBXFileReference; fileEncoding = 4; lastKnownFileType = sourcecode.c.h; path = LDCollectionViewFlowLayout.h; sourceTree = "<group>"; };
		18195D391AC107460006E37A /* LDCollectionViewFlowLayout.m */ = {isa = PBXFileReference; fileEncoding = 4; lastKnownFileType = sourcecode.c.objc; path = LDCollectionViewFlowLayout.m; sourceTree = "<group>"; };
		18195D3B1AC1096A0006E37A /* LDFirstCollectionViewController.h */ = {isa = PBXFileReference; fileEncoding = 4; lastKnownFileType = sourcecode.c.h; path = LDFirstCollectionViewController.h; sourceTree = "<group>"; };
		18195D3C1AC1096A0006E37A /* LDFirstCollectionViewController.m */ = {isa = PBXFileReference; fileEncoding = 4; lastKnownFileType = sourcecode.c.objc; path = LDFirstCollectionViewController.m; sourceTree = "<group>"; };
		18195D3E1AC109760006E37A /* LDSecondCollectionViewController.h */ = {isa = PBXFileReference; fileEncoding = 4; lastKnownFileType = sourcecode.c.h; path = LDSecondCollectionViewController.h; sourceTree = "<group>"; };
		18195D3F1AC109760006E37A /* LDSecondCollectionViewController.m */ = {isa = PBXFileReference; fileEncoding = 4; lastKnownFileType = sourcecode.c.objc; path = LDSecondCollectionViewController.m; sourceTree = "<group>"; };
/* End PBXFileReference section */

/* Begin PBXFrameworksBuildPhase section */
		18195C971AC100150006E37A /* Frameworks */ = {
			isa = PBXFrameworksBuildPhase;
			buildActionMask = 2147483647;
			files = (
			);
			runOnlyForDeploymentPostprocessing = 0;
		};
		18195CB31AC100150006E37A /* Frameworks */ = {
			isa = PBXFrameworksBuildPhase;
			buildActionMask = 2147483647;
			files = (
			);
			runOnlyForDeploymentPostprocessing = 0;
		};
/* End PBXFrameworksBuildPhase section */

/* Begin PBXGroup section */
		18195C911AC100150006E37A = {
			isa = PBXGroup;
			children = (
				18195D371AC107460006E37A /* LDCollectionViewLayout */,
				18195C9C1AC100150006E37A /* LDCollectionViewFlowLayout */,
				18195CB91AC100150006E37A /* LDCollectionViewFlowLayoutTests */,
				18195C9B1AC100150006E37A /* Products */,
			);
			sourceTree = "<group>";
		};
		18195C9B1AC100150006E37A /* Products */ = {
			isa = PBXGroup;
			children = (
				18195C9A1AC100150006E37A /* LDCollectionViewFlowLayout.app */,
				18195CB61AC100150006E37A /* LDCollectionViewFlowLayoutTests.xctest */,
			);
			name = Products;
			sourceTree = "<group>";
		};
		18195C9C1AC100150006E37A /* LDCollectionViewFlowLayout */ = {
			isa = PBXGroup;
			children = (
				18195CA11AC100150006E37A /* AppDelegate.h */,
				18195CA21AC100150006E37A /* AppDelegate.m */,
				18195D3B1AC1096A0006E37A /* LDFirstCollectionViewController.h */,
				18195D3C1AC1096A0006E37A /* LDFirstCollectionViewController.m */,
				18195D3E1AC109760006E37A /* LDSecondCollectionViewController.h */,
				18195D3F1AC109760006E37A /* LDSecondCollectionViewController.m */,
				18195CAA1AC100150006E37A /* Main.storyboard */,
				18195CAD1AC100150006E37A /* Images.xcassets */,
				18195CAF1AC100150006E37A /* LaunchScreen.xib */,
				18195C9D1AC100150006E37A /* Supporting Files */,
			);
			path = LDCollectionViewFlowLayout;
			sourceTree = "<group>";
		};
		18195C9D1AC100150006E37A /* Supporting Files */ = {
			isa = PBXGroup;
			children = (
				18195C9E1AC100150006E37A /* Info.plist */,
				18195C9F1AC100150006E37A /* main.m */,
			);
			name = "Supporting Files";
			sourceTree = "<group>";
		};
		18195CB91AC100150006E37A /* LDCollectionViewFlowLayoutTests */ = {
			isa = PBXGroup;
			children = (
				18195CBC1AC100150006E37A /* LDCollectionViewFlowLayoutTests.m */,
				18195CBA1AC100150006E37A /* Supporting Files */,
			);
			path = LDCollectionViewFlowLayoutTests;
			sourceTree = "<group>";
		};
		18195CBA1AC100150006E37A /* Supporting Files */ = {
			isa = PBXGroup;
			children = (
				18195CBB1AC100150006E37A /* Info.plist */,
			);
			name = "Supporting Files";
			sourceTree = "<group>";
		};
		18195D371AC107460006E37A /* LDCollectionViewLayout */ = {
			isa = PBXGroup;
			children = (
				18195D381AC107460006E37A /* LDCollectionViewFlowLayout.h */,
				18195D391AC107460006E37A /* LDCollectionViewFlowLayout.m */,
			);
			name = LDCollectionViewLayout;
			path = LDCollectionViewFlowLayout/LDCollectionViewLayout;
			sourceTree = "<group>";
		};
/* End PBXGroup section */

/* Begin PBXNativeTarget section */
		18195C991AC100150006E37A /* LDCollectionViewFlowLayout */ = {
			isa = PBXNativeTarget;
			buildConfigurationList = 18195CC01AC100150006E37A /* Build configuration list for PBXNativeTarget "LDCollectionViewFlowLayout" */;
			buildPhases = (
				18195C961AC100150006E37A /* Sources */,
				18195C971AC100150006E37A /* Frameworks */,
				18195C981AC100150006E37A /* Resources */,
			);
			buildRules = (
			);
			dependencies = (
			);
			name = LDCollectionViewFlowLayout;
			productName = LDCollectionViewFlowLayout;
			productReference = 18195C9A1AC100150006E37A /* LDCollectionViewFlowLayout.app */;
			productType = "com.apple.product-type.application";
		};
		18195CB51AC100150006E37A /* LDCollectionViewFlowLayoutTests */ = {
			isa = PBXNativeTarget;
			buildConfigurationList = 18195CC31AC100150006E37A /* Build configuration list for PBXNativeTarget "LDCollectionViewFlowLayoutTests" */;
			buildPhases = (
				18195CB21AC100150006E37A /* Sources */,
				18195CB31AC100150006E37A /* Frameworks */,
				18195CB41AC100150006E37A /* Resources */,
			);
			buildRules = (
			);
			dependencies = (
				18195CB81AC100150006E37A /* PBXTargetDependency */,
			);
			name = LDCollectionViewFlowLayoutTests;
			productName = LDCollectionViewFlowLayoutTests;
			productReference = 18195CB61AC100150006E37A /* LDCollectionViewFlowLayoutTests.xctest */;
			productType = "com.apple.product-type.bundle.unit-test";
		};
/* End PBXNativeTarget section */

/* Begin PBXProject section */
		18195C921AC100150006E37A /* Project object */ = {
			isa = PBXProject;
			attributes = {
				LastUpgradeCheck = 0620;
				ORGANIZATIONNAME = LD;
				TargetAttributes = {
					18195C991AC100150006E37A = {
						CreatedOnToolsVersion = 6.2;
					};
					18195CB51AC100150006E37A = {
						CreatedOnToolsVersion = 6.2;
						TestTargetID = 18195C991AC100150006E37A;
					};
				};
			};
			buildConfigurationList = 18195C951AC100150006E37A /* Build configuration list for PBXProject "LDCollectionViewFlowLayout" */;
			compatibilityVersion = "Xcode 3.2";
			developmentRegion = English;
			hasScannedForEncodings = 0;
			knownRegions = (
				en,
				Base,
			);
			mainGroup = 18195C911AC100150006E37A;
			productRefGroup = 18195C9B1AC100150006E37A /* Products */;
			projectDirPath = "";
			projectRoot = "";
			targets = (
				18195C991AC100150006E37A /* LDCollectionViewFlowLayout */,
				18195CB51AC100150006E37A /* LDCollectionViewFlowLayoutTests */,
			);
		};
/* End PBXProject section */

/* Begin PBXResourcesBuildPhase section */
		18195C981AC100150006E37A /* Resources */ = {
			isa = PBXResourcesBuildPhase;
			buildActionMask = 2147483647;
			files = (
				18195CAC1AC100150006E37A /* Main.storyboard in Resources */,
				18195CB11AC100150006E37A /* LaunchScreen.xib in Resources */,
				18195CAE1AC100150006E37A /* Images.xcassets in Resources */,
			);
			runOnlyForDeploymentPostprocessing = 0;
		};
		18195CB41AC100150006E37A /* Resources */ = {
			isa = PBXResourcesBuildPhase;
			buildActionMask = 2147483647;
			files = (
			);
			runOnlyForDeploymentPostprocessing = 0;
		};
/* End PBXResourcesBuildPhase section */

/* Begin PBXSourcesBuildPhase section */
		18195C961AC100150006E37A /* Sources */ = {
			isa = PBXSourcesBuildPhase;
			buildActionMask = 2147483647;
			files = (
				18195CA31AC100150006E37A /* AppDelegate.m in Sources */,
				18195D401AC109760006E37A /* LDSecondCollectionViewController.m in Sources */,
				18195D3D1AC1096A0006E37A /* LDFirstCollectionViewController.m in Sources */,
				18195D3A1AC107460006E37A /* LDCollectionViewFlowLayout.m in Sources */,
				18195CA01AC100150006E37A /* main.m in Sources */,
			);
			runOnlyForDeploymentPostprocessing = 0;
		};
		18195CB21AC100150006E37A /* Sources */ = {
			isa = PBXSourcesBuildPhase;
			buildActionMask = 2147483647;
			files = (
				18195CBD1AC100150006E37A /* LDCollectionViewFlowLayoutTests.m in Sources */,
			);
			runOnlyForDeploymentPostprocessing = 0;
		};
/* End PBXSourcesBuildPhase section */

/* Begin PBXTargetDependency section */
		18195CB81AC100150006E37A /* PBXTargetDependency */ = {
			isa = PBXTargetDependency;
			target = 18195C991AC100150006E37A /* LDCollectionViewFlowLayout */;
			targetProxy = 18195CB71AC100150006E37A /* PBXContainerItemProxy */;
		};
/* End PBXTargetDependency section */

/* Begin PBXVariantGroup section */
		18195CAA1AC100150006E37A /* Main.storyboard */ = {
			isa = PBXVariantGroup;
			children = (
				18195CAB1AC100150006E37A /* Base */,
			);
			name = Main.storyboard;
			sourceTree = "<group>";
		};
		18195CAF1AC100150006E37A /* LaunchScreen.xib */ = {
			isa = PBXVariantGroup;
			children = (
				18195CB01AC100150006E37A /* Base */,
			);
			name = LaunchScreen.xib;
			sourceTree = "<group>";
		};
/* End PBXVariantGroup section */

/* Begin XCBuildConfiguration section */
		18195CBE1AC100150006E37A /* Debug */ = {
			isa = XCBuildConfiguration;
			buildSettings = {
				ALWAYS_SEARCH_USER_PATHS = NO;
				CLANG_CXX_LANGUAGE_STANDARD = "gnu++0x";
				CLANG_CXX_LIBRARY = "libc++";
				CLANG_ENABLE_MODULES = YES;
				CLANG_ENABLE_OBJC_ARC = YES;
				CLANG_WARN_BOOL_CONVERSION = YES;
				CLANG_WARN_CONSTANT_CONVERSION = YES;
				CLANG_WARN_DIRECT_OBJC_ISA_USAGE = YES_ERROR;
				CLANG_WARN_EMPTY_BODY = YES;
				CLANG_WARN_ENUM_CONVERSION = YES;
				CLANG_WARN_INT_CONVERSION = YES;
				CLANG_WARN_OBJC_ROOT_CLASS = YES_ERROR;
				CLANG_WARN_UNREACHABLE_CODE = YES;
				CLANG_WARN__DUPLICATE_METHOD_MATCH = YES;
				"CODE_SIGN_IDENTITY[sdk=iphoneos*]" = "iPhone Developer";
				COPY_PHASE_STRIP = NO;
				ENABLE_STRICT_OBJC_MSGSEND = YES;
				GCC_C_LANGUAGE_STANDARD = gnu99;
				GCC_DYNAMIC_NO_PIC = NO;
				GCC_OPTIMIZATION_LEVEL = 0;
				GCC_PREPROCESSOR_DEFINITIONS = (
					"DEBUG=1",
					"$(inherited)",
				);
				GCC_SYMBOLS_PRIVATE_EXTERN = NO;
				GCC_WARN_64_TO_32_BIT_CONVERSION = YES;
				GCC_WARN_ABOUT_RETURN_TYPE = YES_ERROR;
				GCC_WARN_UNDECLARED_SELECTOR = YES;
				GCC_WARN_UNINITIALIZED_AUTOS = YES_AGGRESSIVE;
				GCC_WARN_UNUSED_FUNCTION = YES;
				GCC_WARN_UNUSED_VARIABLE = YES;
				IPHONEOS_DEPLOYMENT_TARGET = 8.2;
				MTL_ENABLE_DEBUG_INFO = YES;
				ONLY_ACTIVE_ARCH = YES;
				SDKROOT = iphoneos;
				TARGETED_DEVICE_FAMILY = "1,2";
			};
			name = Debug;
		};
		18195CBF1AC100150006E37A /* Release */ = {
			isa = XCBuildConfiguration;
			buildSettings = {
				ALWAYS_SEARCH_USER_PATHS = NO;
				CLANG_CXX_LANGUAGE_STANDARD = "gnu++0x";
				CLANG_CXX_LIBRARY = "libc++";
				CLANG_ENABLE_MODULES = YES;
				CLANG_ENABLE_OBJC_ARC = YES;
				CLANG_WARN_BOOL_CONVERSION = YES;
				CLANG_WARN_CONSTANT_CONVERSION = YES;
				CLANG_WARN_DIRECT_OBJC_ISA_USAGE = YES_ERROR;
				CLANG_WARN_EMPTY_BODY = YES;
				CLANG_WARN_ENUM_CONVERSION = YES;
				CLANG_WARN_INT_CONVERSION = YES;
				CLANG_WARN_OBJC_ROOT_CLASS = YES_ERROR;
				CLANG_WARN_UNREACHABLE_CODE = YES;
				CLANG_WARN__DUPLICATE_METHOD_MATCH = YES;
				"CODE_SIGN_IDENTITY[sdk=iphoneos*]" = "iPhone Developer";
				COPY_PHASE_STRIP = NO;
				ENABLE_NS_ASSERTIONS = NO;
				ENABLE_STRICT_OBJC_MSGSEND = YES;
				GCC_C_LANGUAGE_STANDARD = gnu99;
				GCC_WARN_64_TO_32_BIT_CONVERSION = YES;
				GCC_WARN_ABOUT_RETURN_TYPE = YES_ERROR;
				GCC_WARN_UNDECLARED_SELECTOR = YES;
				GCC_WARN_UNINITIALIZED_AUTOS = YES_AGGRESSIVE;
				GCC_WARN_UNUSED_FUNCTION = YES;
				GCC_WARN_UNUSED_VARIABLE = YES;
				IPHONEOS_DEPLOYMENT_TARGET = 8.2;
				MTL_ENABLE_DEBUG_INFO = NO;
				SDKROOT = iphoneos;
				TARGETED_DEVICE_FAMILY = "1,2";
				VALIDATE_PRODUCT = YES;
			};
			name = Release;
		};
		18195CC11AC100150006E37A /* Debug */ = {
			isa = XCBuildConfiguration;
			buildSettings = {
				ASSETCATALOG_COMPILER_APPICON_NAME = AppIcon;
				INFOPLIST_FILE = LDCollectionViewFlowLayout/Info.plist;
				LD_RUNPATH_SEARCH_PATHS = "$(inherited) @executable_path/Frameworks";
				PRODUCT_NAME = "$(TARGET_NAME)";
			};
			name = Debug;
		};
		18195CC21AC100150006E37A /* Release */ = {
			isa = XCBuildConfiguration;
			buildSettings = {
				ASSETCATALOG_COMPILER_APPICON_NAME = AppIcon;
				INFOPLIST_FILE = LDCollectionViewFlowLayout/Info.plist;
				LD_RUNPATH_SEARCH_PATHS = "$(inherited) @executable_path/Frameworks";
				PRODUCT_NAME = "$(TARGET_NAME)";
			};
			name = Release;
		};
		18195CC41AC100150006E37A /* Debug */ = {
			isa = XCBuildConfiguration;
			buildSettings = {
				BUNDLE_LOADER = "$(TEST_HOST)";
				FRAMEWORK_SEARCH_PATHS = (
					"$(SDKROOT)/Developer/Library/Frameworks",
					"$(inherited)",
				);
				GCC_PREPROCESSOR_DEFINITIONS = (
					"DEBUG=1",
					"$(inherited)",
				);
				INFOPLIST_FILE = LDCollectionViewFlowLayoutTests/Info.plist;
				LD_RUNPATH_SEARCH_PATHS = "$(inherited) @executable_path/Frameworks @loader_path/Frameworks";
				PRODUCT_NAME = "$(TARGET_NAME)";
				TEST_HOST = "$(BUILT_PRODUCTS_DIR)/LDCollectionViewFlowLayout.app/LDCollectionViewFlowLayout";
			};
			name = Debug;
		};
		18195CC51AC100150006E37A /* Release */ = {
			isa = XCBuildConfiguration;
			buildSettings = {
				BUNDLE_LOADER = "$(TEST_HOST)";
				FRAMEWORK_SEARCH_PATHS = (
					"$(SDKROOT)/Developer/Library/Frameworks",
					"$(inherited)",
				);
				INFOPLIST_FILE = LDCollectionViewFlowLayoutTests/Info.plist;
				LD_RUNPATH_SEARCH_PATHS = "$(inherited) @executable_path/Frameworks @loader_path/Frameworks";
				PRODUCT_NAME = "$(TARGET_NAME)";
				TEST_HOST = "$(BUILT_PRODUCTS_DIR)/LDCollectionViewFlowLayout.app/LDCollectionViewFlowLayout";
			};
			name = Release;
		};
/* End XCBuildConfiguration section */

/* Begin XCConfigurationList section */
		18195C951AC100150006E37A /* Build configuration list for PBXProject "LDCollectionViewFlowLayout" */ = {
			isa = XCConfigurationList;
			buildConfigurations = (
				18195CBE1AC100150006E37A /* Debug */,
				18195CBF1AC100150006E37A /* Release */,
			);
			defaultConfigurationIsVisible = 0;
			defaultConfigurationName = Release;
		};
		18195CC01AC100150006E37A /* Build configuration list for PBXNativeTarget "LDCollectionViewFlowLayout" */ = {
			isa = XCConfigurationList;
			buildConfigurations = (
				18195CC11AC100150006E37A /* Debug */,
				18195CC21AC100150006E37A /* Release */,
			);
			defaultConfigurationIsVisible = 0;
			defaultConfigurationName = Release;
		};
		18195CC31AC100150006E37A /* Build configuration list for PBXNativeTarget "LDCollectionViewFlowLayoutTests" */ = {
			isa = XCConfigurationList;
			buildConfigurations = (
				18195CC41AC100150006E37A /* Debug */,
				18195CC51AC100150006E37A /* Release */,
			);
			defaultConfigurationIsVisible = 0;
			defaultConfigurationName = Release;
		};
/* End XCConfigurationList section */
	};
	rootObject = 18195C921AC100150006E37A /* Project object */;
}
